
Microsoft Visual Studio Solution File, Format Version 12.00
# Visual Studio 2012
Project("{FAE04EC0-301F-11D3-BF4B-00C04F79EFBC}") = "Hdp.CoreRx", "Hdp.CoreRx\Hdp.CoreRx.csproj", "{5A609DE1-6001-4BAF-AB49-783CDD533840}"
EndProject
Project("{FAE04EC0-301F-11D3-BF4B-00C04F79EFBC}") = "Hdp.TouchRx", "Hdp.TouchRx\Hdp.TouchRx.csproj", "{F99D567B-9F71-4E50-94F0-01F69BCD05BF}"
EndProject
Project("{FAE04EC0-301F-11D3-BF4B-00C04F79EFBC}") = "XCDYouTubeKit", "XCDYouTubeKit\XCDYouTubeKit.csproj", "{8147338E-267D-4E4B-A321-D3D1BA20465B}"
EndProject
Global
	GlobalSection(SolutionConfigurationPlatforms) = preSolution
		Debug|Any CPU = Debug|Any CPU
		Release|Any CPU = Release|Any CPU
		Debug|iPhoneSimulator = Debug|iPhoneSimulator
		Release|iPhoneSimulator = Release|iPhoneSimulator
		Debug|iPhone = Debug|iPhone
		Release|iPhone = Release|iPhone
		Ad-Hoc|iPhone = Ad-Hoc|iPhone
		AppStore|iPhone = AppStore|iPhone
	EndGlobalSection
	GlobalSection(ProjectConfigurationPlatforms) = postSolution
		{5A609DE1-6001-4BAF-AB49-783CDD533840}.Ad-Hoc|iPhone.ActiveCfg = Release|Any CPU
		{5A609DE1-6001-4BAF-AB49-783CDD533840}.Ad-Hoc|iPhone.Build.0 = Release|Any CPU
		{5A609DE1-6001-4BAF-AB49-783CDD533840}.AppStore|iPhone.ActiveCfg = Release|Any CPU
		{5A609DE1-6001-4BAF-AB49-783CDD533840}.AppStore|iPhone.Build.0 = Release|Any CPU
		{5A609DE1-6001-4BAF-AB49-783CDD533840}.Debug|Any CPU.ActiveCfg = Debug|Any CPU
		{5A609DE1-6001-4BAF-AB49-783CDD533840}.Debug|Any CPU.Build.0 = Debug|Any CPU
		{5A609DE1-6001-4BAF-AB49-783CDD533840}.Debug|iPhone.ActiveCfg = Debug|Any CPU
		{5A609DE1-6001-4BAF-AB49-783CDD533840}.Debug|iPhone.Build.0 = Debug|Any CPU
		{5A609DE1-6001-4BAF-AB49-783CDD533840}.Debug|iPhoneSimulator.ActiveCfg = Debug|Any CPU
		{5A609DE1-6001-4BAF-AB49-783CDD533840}.Debug|iPhoneSimulator.Build.0 = Debug|Any CPU
		{5A609DE1-6001-4BAF-AB49-783CDD533840}.Release|Any CPU.ActiveCfg = Release|Any CPU
		{5A609DE1-6001-4BAF-AB49-783CDD533840}.Release|Any CPU.Build.0 = Release|Any CPU
		{5A609DE1-6001-4BAF-AB49-783CDD533840}.Release|iPhone.ActiveCfg = Release|Any CPU
		{5A609DE1-6001-4BAF-AB49-783CDD533840}.Release|iPhone.Build.0 = Release|Any CPU
		{5A609DE1-6001-4BAF-AB49-783CDD533840}.Release|iPhoneSimulator.ActiveCfg = Release|Any CPU
		{5A609DE1-6001-4BAF-AB49-783CDD533840}.Release|iPhoneSimulator.Build.0 = Release|Any CPU
		{8147338E-267D-4E4B-A321-D3D1BA20465B}.Ad-Hoc|iPhone.ActiveCfg = Release|Any CPU
		{8147338E-267D-4E4B-A321-D3D1BA20465B}.Ad-Hoc|iPhone.Build.0 = Release|Any CPU
		{8147338E-267D-4E4B-A321-D3D1BA20465B}.AppStore|iPhone.ActiveCfg = Release|Any CPU
		{8147338E-267D-4E4B-A321-D3D1BA20465B}.AppStore|iPhone.Build.0 = Release|Any CPU
		{8147338E-267D-4E4B-A321-D3D1BA20465B}.Debug|Any CPU.ActiveCfg = Debug|Any CPU
		{8147338E-267D-4E4B-A321-D3D1BA20465B}.Debug|Any CPU.Build.0 = Debug|Any CPU
		{8147338E-267D-4E4B-A321-D3D1BA20465B}.Debug|iPhone.ActiveCfg = Debug|Any CPU
		{8147338E-267D-4E4B-A321-D3D1BA20465B}.Debug|iPhone.Build.0 = Debug|Any CPU
		{8147338E-267D-4E4B-A321-D3D1BA20465B}.Debug|iPhoneSimulator.ActiveCfg = Debug|Any CPU
		{8147338E-267D-4E4B-A321-D3D1BA20465B}.Debug|iPhoneSimulator.Build.0 = Debug|Any CPU
		{8147338E-267D-4E4B-A321-D3D1BA20465B}.Release|Any CPU.ActiveCfg = Release|Any CPU
		{8147338E-267D-4E4B-A321-D3D1BA20465B}.Release|Any CPU.Build.0 = Release|Any CPU
		{8147338E-267D-4E4B-A321-D3D1BA20465B}.Release|iPhone.ActiveCfg = Release|Any CPU
		{8147338E-267D-4E4B-A321-D3D1BA20465B}.Release|iPhone.Build.0 = Release|Any CPU
		{8147338E-267D-4E4B-A321-D3D1BA20465B}.Release|iPhoneSimulator.ActiveCfg = Release|Any CPU
		{8147338E-267D-4E4B-A321-D3D1BA20465B}.Release|iPhoneSimulator.Build.0 = Release|Any CPU
		{F99D567B-9F71-4E50-94F0-01F69BCD05BF}.Ad-Hoc|iPhone.ActiveCfg = Ad-Hoc|iPhone
		{F99D567B-9F71-4E50-94F0-01F69BCD05BF}.Ad-Hoc|iPhone.Build.0 = Ad-Hoc|iPhone
		{F99D567B-9F71-4E50-94F0-01F69BCD05BF}.AppStore|iPhone.ActiveCfg = AppStore|iPhone
		{F99D567B-9F71-4E50-94F0-01F69BCD05BF}.AppStore|iPhone.Build.0 = AppStore|iPhone
		{F99D567B-9F71-4E50-94F0-01F69BCD05BF}.Debug|Any CPU.ActiveCfg = Debug|iPhoneSimulator
		{F99D567B-9F71-4E50-94F0-01F69BCD05BF}.Debug|Any CPU.Build.0 = Debug|iPhoneSimulator
		{F99D567B-9F71-4E50-94F0-01F69BCD05BF}.Debug|iPhone.ActiveCfg = Debug|iPhone
		{F99D567B-9F71-4E50-94F0-01F69BCD05BF}.Debug|iPhone.Build.0 = Debug|iPhone
		{F99D567B-9F71-4E50-94F0-01F69BCD05BF}.Debug|iPhoneSimulator.ActiveCfg = Debug|iPhoneSimulator
		{F99D567B-9F71-4E50-94F0-01F69BCD05BF}.Debug|iPhoneSimulator.Build.0 = Debug|iPhoneSimulator
		{F99D567B-9F71-4E50-94F0-01F69BCD05BF}.Release|Any CPU.ActiveCfg = Release|iPhoneSimulator
		{F99D567B-9F71-4E50-94F0-01F69BCD05BF}.Release|Any CPU.Build.0 = Release|iPhoneSimulator
		{F99D567B-9F71-4E50-94F0-01F69BCD05BF}.Release|iPhone.ActiveCfg = Release|iPhone
		{F99D567B-9F71-4E50-94F0-01F69BCD05BF}.Release|iPhone.Build.0 = Release|iPhone
		{F99D567B-9F71-4E50-94F0-01F69BCD05BF}.Release|iPhoneSimulator.ActiveCfg = Release|iPhoneSimulator
		{F99D567B-9F71-4E50-94F0-01F69BCD05BF}.Release|iPhoneSimulator.Build.0 = Release|iPhoneSimulator
	EndGlobalSection
	GlobalSection(MonoDevelopProperties) = preSolution
		Policies = $0
		$0.DotNetNamingPolicy = $1
		$1.DirectoryNamespaceAssociation = PrefixedHierarchical
		$1.ResourceNamePolicy = FileFormatDefault
		$0.NameConventionPolicy = $2
		$2.Rules = $3
		$3.NamingRule = $4
		$4.Name = Namespaces
		$4.AffectedEntity = Namespace
		$4.VisibilityMask = VisibilityMask
		$4.NamingStyle = PascalCase
		$4.IncludeInstanceMembers = True
		$4.IncludeStaticEntities = True
		$3.NamingRule = $5
		$5.Name = Types
		$5.AffectedEntity = Class, Struct, Enum, Delegate
		$5.VisibilityMask = Public
		$5.NamingStyle = PascalCase
		$5.IncludeInstanceMembers = True
		$5.IncludeStaticEntities = True
		$3.NamingRule = $6
		$6.Name = Interfaces
		$6.RequiredPrefixes = $7
		$7.String = I
		$6.AffectedEntity = Interface
		$6.VisibilityMask = Public
		$6.NamingStyle = PascalCase
		$6.IncludeInstanceMembers = True
		$6.IncludeStaticEntities = True
		$3.NamingRule = $8
		$8.Name = Attributes
		$8.RequiredSuffixes = $9
		$9.String = Attribute
		$8.AffectedEntity = CustomAttributes
		$8.VisibilityMask = Public
		$8.NamingStyle = PascalCase
		$8.IncludeInstanceMembers = True
		$8.IncludeStaticEntities = True
		$3.NamingRule = $10
		$10.Name = Event Arguments
		$10.RequiredSuffixes = $11
		$11.String = EventArgs
		$10.AffectedEntity = CustomEventArgs
		$10.VisibilityMask = Public
		$10.NamingStyle = PascalCase
		$10.IncludeInstanceMembers = True
		$10.IncludeStaticEntities = True
		$3.NamingRule = $12
		$12.Name = Exceptions
		$12.RequiredSuffixes = $13
		$13.String = Exception
		$12.AffectedEntity = CustomExceptions
		$12.VisibilityMask = VisibilityMask
		$12.NamingStyle = PascalCase
		$12.IncludeInstanceMembers = True
		$12.IncludeStaticEntities = True
		$3.NamingRule = $14
		$14.Name = Methods
		$14.AffectedEntity = Methods
		$14.VisibilityMask = Protected, Public
		$14.NamingStyle = PascalCase
		$14.IncludeInstanceMembers = True
		$14.IncludeStaticEntities = True
		$3.NamingRule = $15
		$15.Name = Static Readonly Fields
		$15.AffectedEntity = ReadonlyField
		$15.VisibilityMask = Protected, Public
		$15.NamingStyle = PascalCase
		$15.IncludeInstanceMembers = False
		$15.IncludeStaticEntities = True
		$3.NamingRule = $16
		$16.Name = Fields
		$16.AffectedEntity = Field
		$16.VisibilityMask = Protected, Public
		$16.NamingStyle = PascalCase
		$16.IncludeInstanceMembers = True
		$16.IncludeStaticEntities = True
		$3.NamingRule = $17
		$17.Name = ReadOnly Fields
		$17.AffectedEntity = ReadonlyField
		$17.VisibilityMask = Protected, Public
		$17.NamingStyle = PascalCase
		$17.IncludeInstanceMembers = True
		$17.IncludeStaticEntities = False
		$3.NamingRule = $18
		$18.Name = Constant Fields
		$18.AffectedEntity = ConstantField
		$18.VisibilityMask = Protected, Public
		$18.NamingStyle = PascalCase
		$18.IncludeInstanceMembers = True
		$18.IncludeStaticEntities = True
		$3.NamingRule = $19
		$19.Name = Properties
		$19.AffectedEntity = Property
		$19.VisibilityMask = Protected, Public
		$19.NamingStyle = PascalCase
		$19.IncludeInstanceMembers = True
		$19.IncludeStaticEntities = True
		$3.NamingRule = $20
		$20.Name = Events
		$20.AffectedEntity = Event
		$20.VisibilityMask = Protected, Public
		$20.NamingStyle = PascalCase
		$20.IncludeInstanceMembers = True
		$20.IncludeStaticEntities = True
		$3.NamingRule = $21
		$21.Name = Enum Members
		$21.AffectedEntity = EnumMember
		$21.VisibilityMask = VisibilityMask
		$21.NamingStyle = PascalCase
		$21.IncludeInstanceMembers = True
		$21.IncludeStaticEntities = True
		$3.NamingRule = $22
		$22.Name = Parameters
		$22.AffectedEntity = Parameter
		$22.VisibilityMask = VisibilityMask
		$22.NamingStyle = CamelCase
		$22.IncludeInstanceMembers = True
		$22.IncludeStaticEntities = True
		$3.NamingRule = $23
		$23.Name = Type Parameters
		$23.RequiredPrefixes = $24
		$24.String = T
		$23.AffectedEntity = TypeParameter
		$23.VisibilityMask = VisibilityMask
		$23.NamingStyle = PascalCase
		$23.IncludeInstanceMembers = True
		$23.IncludeStaticEntities = True
	EndGlobalSection
EndGlobal
